
Microsoft Visual Studio Solution File, Format Version 12.00
# Visual Studio Version 16
VisualStudioVersion = 16.0.34114.132
MinimumVisualStudioVersion = 10.0.40219.1
Project("{FAE04EC0-301F-11D3-BF4B-00C04F79EFBC}") = "BD.Inventory.WebApi", "BD.Inventory.WebApi\BD.Inventory.WebApi.csproj", "{E141684D-1D7A-42EF-8E71-50BE86074235}"
EndProject
Project("{FAE04EC0-301F-11D3-BF4B-00C04F79EFBC}") = "BD.Inventory.DBUtility", "BD.Inventory.DBUtility\BD.Inventory.DBUtility.csproj", "{B20293B3-46C4-4490-97FD-87C3DC4C6061}"
EndProject
Project("{FAE04EC0-301F-11D3-BF4B-00C04F79EFBC}") = "BD.Inventory.Common", "BD.Inventory.Common\BD.Inventory.Common.csproj", "{691899F3-C882-4177-8C86-2D88EE523CE4}"
EndProject
Project("{FAE04EC0-301F-11D3-BF4B-00C04F79EFBC}") = "BD.Inventory.Entities", "BD.Inventory.Entities\BD.Inventory.Entities.csproj", "{ECF92603-3CD7-434A-AEAA-7AC263FC5AF2}"
EndProject
Project("{FAE04EC0-301F-11D3-BF4B-00C04F79EFBC}") = "BD.Inventory.Dal", "BD.Inventory.Dal\BD.Inventory.Dal.csproj", "{0B0C1EBA-1265-4EA1-A13C-112D55642D9B}"
EndProject
Project("{FAE04EC0-301F-11D3-BF4B-00C04F79EFBC}") = "BD.Inventory.Bll", "BD.Inventory.Bll\BD.Inventory.Bll.csproj", "{0A11C372-5E4E-4C7D-B58B-FFB6E8C6D086}"
EndProject
Global
	GlobalSection(SolutionConfigurationPlatforms) = preSolution
		Debug|Any CPU = Debug|Any CPU
		Release|Any CPU = Release|Any CPU
	EndGlobalSection
	GlobalSection(ProjectConfigurationPlatforms) = postSolution
		{E141684D-1D7A-42EF-8E71-50BE86074235}.Debug|Any CPU.ActiveCfg = Debug|Any CPU
		{E141684D-1D7A-42EF-8E71-50BE86074235}.Debug|Any CPU.Build.0 = Debug|Any CPU
		{E141684D-1D7A-42EF-8E71-50BE86074235}.Release|Any CPU.ActiveCfg = Release|Any CPU
		{E141684D-1D7A-42EF-8E71-50BE86074235}.Release|Any CPU.Build.0 = Release|Any CPU
		{B20293B3-46C4-4490-97FD-87C3DC4C6061}.Debug|Any CPU.ActiveCfg = Debug|Any CPU
		{B20293B3-46C4-4490-97FD-87C3DC4C6061}.Debug|Any CPU.Build.0 = Debug|Any CPU
		{B20293B3-46C4-4490-97FD-87C3DC4C6061}.Release|Any CPU.ActiveCfg = Release|Any CPU
		{B20293B3-46C4-4490-97FD-87C3DC4C6061}.Release|Any CPU.Build.0 = Release|Any CPU
		{691899F3-C882-4177-8C86-2D88EE523CE4}.Debug|Any CPU.ActiveCfg = Debug|Any CPU
		{691899F3-C882-4177-8C86-2D88EE523CE4}.Debug|Any CPU.Build.0 = Debug|Any CPU
		{691899F3-C882-4177-8C86-2D88EE523CE4}.Release|Any CPU.ActiveCfg = Release|Any CPU
		{691899F3-C882-4177-8C86-2D88EE523CE4}.Release|Any CPU.Build.0 = Release|Any CPU
		{ECF92603-3CD7-434A-AEAA-7AC263FC5AF2}.Debug|Any CPU.ActiveCfg = Debug|Any CPU
		{ECF92603-3CD7-434A-AEAA-7AC263FC5AF2}.Debug|Any CPU.Build.0 = Debug|Any CPU
		{ECF92603-3CD7-434A-AEAA-7AC263FC5AF2}.Release|Any CPU.ActiveCfg = Release|Any CPU
		{ECF92603-3CD7-434A-AEAA-7AC263FC5AF2}.Release|Any CPU.Build.0 = Release|Any CPU
		{0B0C1EBA-1265-4EA1-A13C-112D55642D9B}.Debug|Any CPU.ActiveCfg = Debug|Any CPU
		{0B0C1EBA-1265-4EA1-A13C-112D55642D9B}.Debug|Any CPU.Build.0 = Debug|Any CPU
		{0B0C1EBA-1265-4EA1-A13C-112D55642D9B}.Release|Any CPU.ActiveCfg = Release|Any CPU
		{0B0C1EBA-1265-4EA1-A13C-112D55642D9B}.Release|Any CPU.Build.0 = Release|Any CPU
		{0A11C372-5E4E-4C7D-B58B-FFB6E8C6D086}.Debug|Any CPU.ActiveCfg = Debug|Any CPU
		{0A11C372-5E4E-4C7D-B58B-FFB6E8C6D086}.Debug|Any CPU.Build.0 = Debug|Any CPU
		{0A11C372-5E4E-4C7D-B58B-FFB6E8C6D086}.Release|Any CPU.ActiveCfg = Release|Any CPU
		{0A11C372-5E4E-4C7D-B58B-FFB6E8C6D086}.Release|Any CPU.Build.0 = Release|Any CPU
	EndGlobalSection
	GlobalSection(SolutionProperties) = preSolution
		HideSolutionNode = FALSE
	EndGlobalSection
	GlobalSection(ExtensibilityGlobals) = postSolution
		SolutionGuid = {6D25DBC9-8CBA-4595-9F1B-EB67250A8C42}
	EndGlobalSection
EndGlobal
